
Microsoft Visual Studio Solution File, Format Version 12.00
# Visual Studio 2012
Project("{FAE04EC0-301F-11D3-BF4B-00C04F79EFBC}") = "PluggableCommand", "PluggableCommand\PluggableCommand.csproj", "{20C0E695-3731-46C6-A876-E92F3EF4B8BF}"
EndProject
Project("{FAE04EC0-301F-11D3-BF4B-00C04F79EFBC}") = "PluginContract", "PluginContract\PluginContract.csproj", "{EFAEBB97-FFAA-4B54-8B3D-F3F89ED2274B}"
EndProject
Project("{FAE04EC0-301F-11D3-BF4B-00C04F79EFBC}") = "HelperPlugins", "HelperPlugins\HelperPlugins.csproj", "{5ED37814-2B66-4AF2-B867-B3463B14D4B1}"
EndProject
Global
	GlobalSection(SolutionConfigurationPlatforms) = preSolution
		Debug|Any CPU = Debug|Any CPU
		Release|Any CPU = Release|Any CPU
	EndGlobalSection
	GlobalSection(ProjectConfigurationPlatforms) = postSolution
		{20C0E695-3731-46C6-A876-E92F3EF4B8BF}.Debug|Any CPU.ActiveCfg = Debug|Any CPU
		{20C0E695-3731-46C6-A876-E92F3EF4B8BF}.Debug|Any CPU.Build.0 = Debug|Any CPU
		{20C0E695-3731-46C6-A876-E92F3EF4B8BF}.Release|Any CPU.ActiveCfg = Release|Any CPU
		{20C0E695-3731-46C6-A876-E92F3EF4B8BF}.Release|Any CPU.Build.0 = Release|Any CPU
		{EFAEBB97-FFAA-4B54-8B3D-F3F89ED2274B}.Debug|Any CPU.ActiveCfg = Debug|Any CPU
		{EFAEBB97-FFAA-4B54-8B3D-F3F89ED2274B}.Debug|Any CPU.Build.0 = Debug|Any CPU
		{EFAEBB97-FFAA-4B54-8B3D-F3F89ED2274B}.Release|Any CPU.ActiveCfg = Release|Any CPU
		{EFAEBB97-FFAA-4B54-8B3D-F3F89ED2274B}.Release|Any CPU.Build.0 = Release|Any CPU
		{5ED37814-2B66-4AF2-B867-B3463B14D4B1}.Debug|Any CPU.ActiveCfg = Debug|Any CPU
		{5ED37814-2B66-4AF2-B867-B3463B14D4B1}.Debug|Any CPU.Build.0 = Debug|Any CPU
		{5ED37814-2B66-4AF2-B867-B3463B14D4B1}.Release|Any CPU.ActiveCfg = Release|Any CPU
		{5ED37814-2B66-4AF2-B867-B3463B14D4B1}.Release|Any CPU.Build.0 = Release|Any CPU
	EndGlobalSection
	GlobalSection(SolutionProperties) = preSolution
		HideSolutionNode = FALSE
	EndGlobalSection
EndGlobal
